// !$*UTF8*$!
{
	archiveVersion = 1;
	classes = {
	};
	objectVersion = 50;
	objects = {

/* Begin PBXBuildFile section */
		4528F5BC9B24C55C4D4D9B83 /* libPods-SYTableViewDemo.a in Frameworks */ = {isa = PBXBuildFile; fileRef = 1BF4EEC874F8F6D3ED152ABD /* libPods-SYTableViewDemo.a */; };
		EF04A20A209C2E3400AEEF88 /* AppDelegate.m in Sources */ = {isa = PBXBuildFile; fileRef = EF04A209209C2E3400AEEF88 /* AppDelegate.m */; };
		EF04A212209C2E3900AEEF88 /* Assets.xcassets in Resources */ = {isa = PBXBuildFile; fileRef = EF04A211209C2E3900AEEF88 /* Assets.xcassets */; };
		EF04A215209C2E3900AEEF88 /* LaunchScreen.storyboard in Resources */ = {isa = PBXBuildFile; fileRef = EF04A213209C2E3900AEEF88 /* LaunchScreen.storyboard */; };
		EF04A218209C2E3900AEEF88 /* main.m in Sources */ = {isa = PBXBuildFile; fileRef = EF04A217209C2E3900AEEF88 /* main.m */; };
		EF04A245209C2FFA00AEEF88 /* SYTableViewController.m in Sources */ = {isa = PBXBuildFile; fileRef = EF04A243209C2FFA00AEEF88 /* SYTableViewController.m */; };
		EF04A248209C308700AEEF88 /* SYTableRow.m in Sources */ = {isa = PBXBuildFile; fileRef = EF04A247209C308700AEEF88 /* SYTableRow.m */; };
		EF04A24B209C32D300AEEF88 /* CoreFoundation.framework in Frameworks */ = {isa = PBXBuildFile; fileRef = EF04A24A209C32D300AEEF88 /* CoreFoundation.framework */; };
		EF04A24D209C32EC00AEEF88 /* CoreGraphics.framework in Frameworks */ = {isa = PBXBuildFile; fileRef = EF04A24C209C32EC00AEEF88 /* CoreGraphics.framework */; };
		EF04A250209C3C0300AEEF88 /* SYTableViewCell.m in Sources */ = {isa = PBXBuildFile; fileRef = EF04A24F209C3C0300AEEF88 /* SYTableViewCell.m */; };
		EF04A253209C431100AEEF88 /* SYTableViewHeaderFooterView.m in Sources */ = {isa = PBXBuildFile; fileRef = EF04A252209C431100AEEF88 /* SYTableViewHeaderFooterView.m */; };
		EF04A256209C58D500AEEF88 /* SYTableViewControllerDataFactory.m in Sources */ = {isa = PBXBuildFile; fileRef = EF04A255209C58D500AEEF88 /* SYTableViewControllerDataFactory.m */; };
		EF04A25B209C5A8900AEEF88 /* SYStoreInfoTableViewCell.m in Sources */ = {isa = PBXBuildFile; fileRef = EF04A25A209C5A8900AEEF88 /* SYStoreInfoTableViewCell.m */; };
		EF04A289209C676900AEEF88 /* SYTableViewControllerRow.m in Sources */ = {isa = PBXBuildFile; fileRef = EF04A288209C676900AEEF88 /* SYTableViewControllerRow.m */; };
		EF04A28C209FF95900AEEF88 /* SYGoodsInfoTableViewCell.m in Sources */ = {isa = PBXBuildFile; fileRef = EF04A28B209FF95900AEEF88 /* SYGoodsInfoTableViewCell.m */; };
		EF04A28F20A02AAF00AEEF88 /* SYStoreInfoTableViewHeaderView.m in Sources */ = {isa = PBXBuildFile; fileRef = EF04A28E20A02AAF00AEEF88 /* SYStoreInfoTableViewHeaderView.m */; };
		EF04A29220A035E900AEEF88 /* SYGoodsInfoTableViewHeaderView.m in Sources */ = {isa = PBXBuildFile; fileRef = EF04A29120A035E900AEEF88 /* SYGoodsInfoTableViewHeaderView.m */; };
/* End PBXBuildFile section */

/* Begin PBXContainerItemProxy section */
		EF04A21E209C2E3900AEEF88 /* PBXContainerItemProxy */ = {
			isa = PBXContainerItemProxy;
			containerPortal = EF04A1FD209C2E3400AEEF88 /* Project object */;
			proxyType = 1;
			remoteGlobalIDString = EF04A204209C2E3400AEEF88;
			remoteInfo = SYTableViewDemo;
		};
		EF04A229209C2E3900AEEF88 /* PBXContainerItemProxy */ = {
			isa = PBXContainerItemProxy;
			containerPortal = EF04A1FD209C2E3400AEEF88 /* Project object */;
			proxyType = 1;
			remoteGlobalIDString = EF04A204209C2E3400AEEF88;
			remoteInfo = SYTableViewDemo;
		};
/* End PBXContainerItemProxy section */

/* Begin PBXFileReference section */
		1BF4EEC874F8F6D3ED152ABD /* libPods-SYTableViewDemo.a */ = {isa = PBXFileReference; explicitFileType = archive.ar; includeInIndex = 0; path = "libPods-SYTableViewDemo.a"; sourceTree = BUILT_PRODUCTS_DIR; };
		EAA8909A495E63508F862B7B /* Pods-SYTableViewDemo.release.xcconfig */ = {isa = PBXFileReference; includeInIndex = 1; lastKnownFileType = text.xcconfig; name = "Pods-SYTableViewDemo.release.xcconfig"; path = "Pods/Target Support Files/Pods-SYTableViewDemo/Pods-SYTableViewDemo.release.xcconfig"; sourceTree = "<group>"; };
		EF04A205209C2E3400AEEF88 /* SYTableViewDemo.app */ = {isa = PBXFileReference; explicitFileType = wrapper.application; includeInIndex = 0; path = SYTableViewDemo.app; sourceTree = BUILT_PRODUCTS_DIR; };
		EF04A208209C2E3400AEEF88 /* AppDelegate.h */ = {isa = PBXFileReference; lastKnownFileType = sourcecode.c.h; path = AppDelegate.h; sourceTree = "<group>"; };
		EF04A209209C2E3400AEEF88 /* AppDelegate.m */ = {isa = PBXFileReference; lastKnownFileType = sourcecode.c.objc; path = AppDelegate.m; sourceTree = "<group>"; };
		EF04A211209C2E3900AEEF88 /* Assets.xcassets */ = {isa = PBXFileReference; lastKnownFileType = folder.assetcatalog; path = Assets.xcassets; sourceTree = "<group>"; };
		EF04A214209C2E3900AEEF88 /* Base */ = {isa = PBXFileReference; lastKnownFileType = file.storyboard; name = Base; path = Base.lproj/LaunchScreen.storyboard; sourceTree = "<group>"; };
		EF04A216209C2E3900AEEF88 /* Info.plist */ = {isa = PBXFileReference; lastKnownFileType = text.plist.xml; path = Info.plist; sourceTree = "<group>"; };
		EF04A217209C2E3900AEEF88 /* main.m */ = {isa = PBXFileReference; lastKnownFileType = sourcecode.c.objc; path = main.m; sourceTree = "<group>"; };
		EF04A21D209C2E3900AEEF88 /* SYTableViewDemoTests.xctest */ = {isa = PBXFileReference; explicitFileType = wrapper.cfbundle; includeInIndex = 0; path = SYTableViewDemoTests.xctest; sourceTree = BUILT_PRODUCTS_DIR; };
		EF04A228209C2E3900AEEF88 /* SYTableViewDemoUITests.xctest */ = {isa = PBXFileReference; explicitFileType = wrapper.cfbundle; includeInIndex = 0; path = SYTableViewDemoUITests.xctest; sourceTree = BUILT_PRODUCTS_DIR; };
		EF04A243209C2FFA00AEEF88 /* SYTableViewController.m */ = {isa = PBXFileReference; fileEncoding = 4; lastKnownFileType = sourcecode.c.objc; path = SYTableViewController.m; sourceTree = "<group>"; };
		EF04A244209C2FFA00AEEF88 /* SYTableViewController.h */ = {isa = PBXFileReference; fileEncoding = 4; lastKnownFileType = sourcecode.c.h; path = SYTableViewController.h; sourceTree = "<group>"; };
		EF04A246209C308700AEEF88 /* SYTableRow.h */ = {isa = PBXFileReference; lastKnownFileType = sourcecode.c.h; path = SYTableRow.h; sourceTree = "<group>"; };
		EF04A247209C308700AEEF88 /* SYTableRow.m */ = {isa = PBXFileReference; lastKnownFileType = sourcecode.c.objc; path = SYTableRow.m; sourceTree = "<group>"; };
		EF04A24A209C32D300AEEF88 /* CoreFoundation.framework */ = {isa = PBXFileReference; lastKnownFileType = wrapper.framework; name = CoreFoundation.framework; path = System/Library/Frameworks/CoreFoundation.framework; sourceTree = SDKROOT; };
		EF04A24C209C32EC00AEEF88 /* CoreGraphics.framework */ = {isa = PBXFileReference; lastKnownFileType = wrapper.framework; name = CoreGraphics.framework; path = System/Library/Frameworks/CoreGraphics.framework; sourceTree = SDKROOT; };
		EF04A24E209C3C0300AEEF88 /* SYTableViewCell.h */ = {isa = PBXFileReference; lastKnownFileType = sourcecode.c.h; path = SYTableViewCell.h; sourceTree = "<group>"; };
		EF04A24F209C3C0300AEEF88 /* SYTableViewCell.m */ = {isa = PBXFileReference; lastKnownFileType = sourcecode.c.objc; path = SYTableViewCell.m; sourceTree = "<group>"; };
		EF04A251209C431100AEEF88 /* SYTableViewHeaderFooterView.h */ = {isa = PBXFileReference; lastKnownFileType = sourcecode.c.h; path = SYTableViewHeaderFooterView.h; sourceTree = "<group>"; };
		EF04A252209C431100AEEF88 /* SYTableViewHeaderFooterView.m */ = {isa = PBXFileReference; lastKnownFileType = sourcecode.c.objc; path = SYTableViewHeaderFooterView.m; sourceTree = "<group>"; };
		EF04A254209C58D500AEEF88 /* SYTableViewControllerDataFactory.h */ = {isa = PBXFileReference; lastKnownFileType = sourcecode.c.h; path = SYTableViewControllerDataFactory.h; sourceTree = "<group>"; };
		EF04A255209C58D500AEEF88 /* SYTableViewControllerDataFactory.m */ = {isa = PBXFileReference; lastKnownFileType = sourcecode.c.objc; path = SYTableViewControllerDataFactory.m; sourceTree = "<group>"; };
		EF04A259209C5A8900AEEF88 /* SYStoreInfoTableViewCell.h */ = {isa = PBXFileReference; lastKnownFileType = sourcecode.c.h; path = SYStoreInfoTableViewCell.h; sourceTree = "<group>"; };
		EF04A25A209C5A8900AEEF88 /* SYStoreInfoTableViewCell.m */ = {isa = PBXFileReference; lastKnownFileType = sourcecode.c.objc; path = SYStoreInfoTableViewCell.m; sourceTree = "<group>"; };
		EF04A285209C5F4200AEEF88 /* PrefixHeader.pch */ = {isa = PBXFileReference; lastKnownFileType = sourcecode.c.h; path = PrefixHeader.pch; sourceTree = "<group>"; };
		EF04A287209C676900AEEF88 /* SYTableViewControllerRow.h */ = {isa = PBXFileReference; lastKnownFileType = sourcecode.c.h; path = SYTableViewControllerRow.h; sourceTree = "<group>"; };
		EF04A288209C676900AEEF88 /* SYTableViewControllerRow.m */ = {isa = PBXFileReference; lastKnownFileType = sourcecode.c.objc; path = SYTableViewControllerRow.m; sourceTree = "<group>"; };
		EF04A28A209FF95900AEEF88 /* SYGoodsInfoTableViewCell.h */ = {isa = PBXFileReference; lastKnownFileType = sourcecode.c.h; path = SYGoodsInfoTableViewCell.h; sourceTree = "<group>"; };
		EF04A28B209FF95900AEEF88 /* SYGoodsInfoTableViewCell.m */ = {isa = PBXFileReference; lastKnownFileType = sourcecode.c.objc; path = SYGoodsInfoTableViewCell.m; sourceTree = "<group>"; };
		EF04A28D20A02AAF00AEEF88 /* SYStoreInfoTableViewHeaderView.h */ = {isa = PBXFileReference; lastKnownFileType = sourcecode.c.h; path = SYStoreInfoTableViewHeaderView.h; sourceTree = "<group>"; };
		EF04A28E20A02AAF00AEEF88 /* SYStoreInfoTableViewHeaderView.m */ = {isa = PBXFileReference; lastKnownFileType = sourcecode.c.objc; path = SYStoreInfoTableViewHeaderView.m; sourceTree = "<group>"; };
		EF04A29020A035E900AEEF88 /* SYGoodsInfoTableViewHeaderView.h */ = {isa = PBXFileReference; lastKnownFileType = sourcecode.c.h; path = SYGoodsInfoTableViewHeaderView.h; sourceTree = "<group>"; };
		EF04A29120A035E900AEEF88 /* SYGoodsInfoTableViewHeaderView.m */ = {isa = PBXFileReference; lastKnownFileType = sourcecode.c.objc; path = SYGoodsInfoTableViewHeaderView.m; sourceTree = "<group>"; };
		F5E28B958B34CC370DCBE34A /* Pods-SYTableViewDemo.debug.xcconfig */ = {isa = PBXFileReference; includeInIndex = 1; lastKnownFileType = text.xcconfig; name = "Pods-SYTableViewDemo.debug.xcconfig"; path = "Pods/Target Support Files/Pods-SYTableViewDemo/Pods-SYTableViewDemo.debug.xcconfig"; sourceTree = "<group>"; };
/* End PBXFileReference section */

/* Begin PBXFrameworksBuildPhase section */
		EF04A202209C2E3400AEEF88 /* Frameworks */ = {
			isa = PBXFrameworksBuildPhase;
			buildActionMask = 2147483647;
			files = (
				EF04A24D209C32EC00AEEF88 /* CoreGraphics.framework in Frameworks */,
				EF04A24B209C32D300AEEF88 /* CoreFoundation.framework in Frameworks */,
				4528F5BC9B24C55C4D4D9B83 /* libPods-SYTableViewDemo.a in Frameworks */,
			);
			runOnlyForDeploymentPostprocessing = 0;
		};
		EF04A21A209C2E3900AEEF88 /* Frameworks */ = {
			isa = PBXFrameworksBuildPhase;
			buildActionMask = 2147483647;
			files = (
			);
			runOnlyForDeploymentPostprocessing = 0;
		};
		EF04A225209C2E3900AEEF88 /* Frameworks */ = {
			isa = PBXFrameworksBuildPhase;
			buildActionMask = 2147483647;
			files = (
			);
			runOnlyForDeploymentPostprocessing = 0;
		};
/* End PBXFrameworksBuildPhase section */

/* Begin PBXGroup section */
		4DC9F69B6386B65978234AD4 /* Pods */ = {
			isa = PBXGroup;
			children = (
				F5E28B958B34CC370DCBE34A /* Pods-SYTableViewDemo.debug.xcconfig */,
				EAA8909A495E63508F862B7B /* Pods-SYTableViewDemo.release.xcconfig */,
			);
			name = Pods;
			sourceTree = "<group>";
		};
		EF04A1FC209C2E3400AEEF88 = {
			isa = PBXGroup;
			children = (
				EF04A207209C2E3400AEEF88 /* SYTableViewDemo */,
				EF04A206209C2E3400AEEF88 /* Products */,
				EF04A249209C32D200AEEF88 /* Frameworks */,
				4DC9F69B6386B65978234AD4 /* Pods */,
			);
			sourceTree = "<group>";
		};
		EF04A206209C2E3400AEEF88 /* Products */ = {
			isa = PBXGroup;
			children = (
				EF04A205209C2E3400AEEF88 /* SYTableViewDemo.app */,
				EF04A21D209C2E3900AEEF88 /* SYTableViewDemoTests.xctest */,
				EF04A228209C2E3900AEEF88 /* SYTableViewDemoUITests.xctest */,
			);
			name = Products;
			sourceTree = "<group>";
		};
		EF04A207209C2E3400AEEF88 /* SYTableViewDemo */ = {
			isa = PBXGroup;
			children = (
				EF04A241209C2FFA00AEEF88 /* TableRow */,
				EF04A242209C2FFA00AEEF88 /* ViewController */,
				EF04A208209C2E3400AEEF88 /* AppDelegate.h */,
				EF04A209209C2E3400AEEF88 /* AppDelegate.m */,
				EF04A211209C2E3900AEEF88 /* Assets.xcassets */,
				EF04A213209C2E3900AEEF88 /* LaunchScreen.storyboard */,
				EF04A216209C2E3900AEEF88 /* Info.plist */,
				EF04A217209C2E3900AEEF88 /* main.m */,
				EF04A285209C5F4200AEEF88 /* PrefixHeader.pch */,
			);
			path = SYTableViewDemo;
			sourceTree = "<group>";
		};
		EF04A241209C2FFA00AEEF88 /* TableRow */ = {
			isa = PBXGroup;
			children = (
				EF04A246209C308700AEEF88 /* SYTableRow.h */,
				EF04A247209C308700AEEF88 /* SYTableRow.m */,
				EF04A24E209C3C0300AEEF88 /* SYTableViewCell.h */,
				EF04A24F209C3C0300AEEF88 /* SYTableViewCell.m */,
				EF04A251209C431100AEEF88 /* SYTableViewHeaderFooterView.h */,
				EF04A252209C431100AEEF88 /* SYTableViewHeaderFooterView.m */,
			);
			path = TableRow;
			sourceTree = "<group>";
		};
		EF04A242209C2FFA00AEEF88 /* ViewController */ = {
			isa = PBXGroup;
			children = (
				EF04A286209C673E00AEEF88 /* Row */,
				EF04A257209C5A1A00AEEF88 /* Cell */,
				EF04A258209C5A1A00AEEF88 /* HeaderFooter */,
				EF04A244209C2FFA00AEEF88 /* SYTableViewController.h */,
				EF04A243209C2FFA00AEEF88 /* SYTableViewController.m */,
				EF04A254209C58D500AEEF88 /* SYTableViewControllerDataFactory.h */,
				EF04A255209C58D500AEEF88 /* SYTableViewControllerDataFactory.m */,
			);
			path = ViewController;
			sourceTree = "<group>";
		};
		EF04A249209C32D200AEEF88 /* Frameworks */ = {
			isa = PBXGroup;
			children = (
				EF04A24C209C32EC00AEEF88 /* CoreGraphics.framework */,
				EF04A24A209C32D300AEEF88 /* CoreFoundation.framework */,
				1BF4EEC874F8F6D3ED152ABD /* libPods-SYTableViewDemo.a */,
			);
			name = Frameworks;
			sourceTree = "<group>";
		};
		EF04A257209C5A1A00AEEF88 /* Cell */ = {
			isa = PBXGroup;
			children = (
				EF04A259209C5A8900AEEF88 /* SYStoreInfoTableViewCell.h */,
				EF04A25A209C5A8900AEEF88 /* SYStoreInfoTableViewCell.m */,
				EF04A28A209FF95900AEEF88 /* SYGoodsInfoTableViewCell.h */,
				EF04A28B209FF95900AEEF88 /* SYGoodsInfoTableViewCell.m */,
			);
			path = Cell;
			sourceTree = "<group>";
		};
		EF04A258209C5A1A00AEEF88 /* HeaderFooter */ = {
			isa = PBXGroup;
			children = (
				EF04A28D20A02AAF00AEEF88 /* SYStoreInfoTableViewHeaderView.h */,
				EF04A28E20A02AAF00AEEF88 /* SYStoreInfoTableViewHeaderView.m */,
				EF04A29020A035E900AEEF88 /* SYGoodsInfoTableViewHeaderView.h */,
				EF04A29120A035E900AEEF88 /* SYGoodsInfoTableViewHeaderView.m */,
			);
			path = HeaderFooter;
			sourceTree = "<group>";
		};
		EF04A286209C673E00AEEF88 /* Row */ = {
			isa = PBXGroup;
			children = (
				EF04A287209C676900AEEF88 /* SYTableViewControllerRow.h */,
				EF04A288209C676900AEEF88 /* SYTableViewControllerRow.m */,
			);
			path = Row;
			sourceTree = "<group>";
		};
/* End PBXGroup section */

/* Begin PBXNativeTarget section */
		EF04A204209C2E3400AEEF88 /* SYTableViewDemo */ = {
			isa = PBXNativeTarget;
			buildConfigurationList = EF04A231209C2E3900AEEF88 /* Build configuration list for PBXNativeTarget "SYTableViewDemo" */;
			buildPhases = (
				09593A3FD759D37A6A7184A0 /* [CP] Check Pods Manifest.lock */,
				EF04A201209C2E3400AEEF88 /* Sources */,
				EF04A202209C2E3400AEEF88 /* Frameworks */,
				EF04A203209C2E3400AEEF88 /* Resources */,
			);
			buildRules = (
			);
			dependencies = (
			);
			name = SYTableViewDemo;
			productName = SYTableViewDemo;
			productReference = EF04A205209C2E3400AEEF88 /* SYTableViewDemo.app */;
			productType = "com.apple.product-type.application";
		};
		EF04A21C209C2E3900AEEF88 /* SYTableViewDemoTests */ = {
			isa = PBXNativeTarget;
			buildConfigurationList = EF04A234209C2E3900AEEF88 /* Build configuration list for PBXNativeTarget "SYTableViewDemoTests" */;
			buildPhases = (
				EF04A219209C2E3900AEEF88 /* Sources */,
				EF04A21A209C2E3900AEEF88 /* Frameworks */,
				EF04A21B209C2E3900AEEF88 /* Resources */,
			);
			buildRules = (
			);
			dependencies = (
				EF04A21F209C2E3900AEEF88 /* PBXTargetDependency */,
			);
			name = SYTableViewDemoTests;
			productName = SYTableViewDemoTests;
			productReference = EF04A21D209C2E3900AEEF88 /* SYTableViewDemoTests.xctest */;
			productType = "com.apple.product-type.bundle.unit-test";
		};
		EF04A227209C2E3900AEEF88 /* SYTableViewDemoUITests */ = {
			isa = PBXNativeTarget;
			buildConfigurationList = EF04A237209C2E3900AEEF88 /* Build configuration list for PBXNativeTarget "SYTableViewDemoUITests" */;
			buildPhases = (
				EF04A224209C2E3900AEEF88 /* Sources */,
				EF04A225209C2E3900AEEF88 /* Frameworks */,
				EF04A226209C2E3900AEEF88 /* Resources */,
			);
			buildRules = (
			);
			dependencies = (
				EF04A22A209C2E3900AEEF88 /* PBXTargetDependency */,
			);
			name = SYTableViewDemoUITests;
			productName = SYTableViewDemoUITests;
			productReference = EF04A228209C2E3900AEEF88 /* SYTableViewDemoUITests.xctest */;
			productType = "com.apple.product-type.bundle.ui-testing";
		};
/* End PBXNativeTarget section */

/* Begin PBXProject section */
		EF04A1FD209C2E3400AEEF88 /* Project object */ = {
			isa = PBXProject;
			attributes = {
				LastUpgradeCheck = 0930;
				ORGANIZATIONNAME = Stone.Yu;
				TargetAttributes = {
					EF04A204209C2E3400AEEF88 = {
						CreatedOnToolsVersion = 9.3;
					};
					EF04A21C209C2E3900AEEF88 = {
						CreatedOnToolsVersion = 9.3;
						TestTargetID = EF04A204209C2E3400AEEF88;
					};
					EF04A227209C2E3900AEEF88 = {
						CreatedOnToolsVersion = 9.3;
						TestTargetID = EF04A204209C2E3400AEEF88;
					};
				};
			};
			buildConfigurationList = EF04A200209C2E3400AEEF88 /* Build configuration list for PBXProject "SYTableViewDemo" */;
			compatibilityVersion = "Xcode 9.3";
			developmentRegion = en;
			hasScannedForEncodings = 0;
			knownRegions = (
				en,
				Base,
			);
			mainGroup = EF04A1FC209C2E3400AEEF88;
			productRefGroup = EF04A206209C2E3400AEEF88 /* Products */;
			projectDirPath = "";
			projectRoot = "";
			targets = (
				EF04A204209C2E3400AEEF88 /* SYTableViewDemo */,
				EF04A21C209C2E3900AEEF88 /* SYTableViewDemoTests */,
				EF04A227209C2E3900AEEF88 /* SYTableViewDemoUITests */,
			);
		};
/* End PBXProject section */

/* Begin PBXResourcesBuildPhase section */
		EF04A203209C2E3400AEEF88 /* Resources */ = {
			isa = PBXResourcesBuildPhase;
			buildActionMask = 2147483647;
			files = (
				EF04A215209C2E3900AEEF88 /* LaunchScreen.storyboard in Resources */,
				EF04A212209C2E3900AEEF88 /* Assets.xcassets in Resources */,
			);
			runOnlyForDeploymentPostprocessing = 0;
		};
		EF04A21B209C2E3900AEEF88 /* Resources */ = {
			isa = PBXResourcesBuildPhase;
			buildActionMask = 2147483647;
			files = (
			);
			runOnlyForDeploymentPostprocessing = 0;
		};
		EF04A226209C2E3900AEEF88 /* Resources */ = {
			isa = PBXResourcesBuildPhase;
			buildActionMask = 2147483647;
			files = (
			);
			runOnlyForDeploymentPostprocessing = 0;
		};
/* End PBXResourcesBuildPhase section */

/* Begin PBXShellScriptBuildPhase section */
		09593A3FD759D37A6A7184A0 /* [CP] Check Pods Manifest.lock */ = {
			isa = PBXShellScriptBuildPhase;
			buildActionMask = 2147483647;
			files = (
			);
			inputPaths = (
				"${PODS_PODFILE_DIR_PATH}/Podfile.lock",
				"${PODS_ROOT}/Manifest.lock",
			);
			name = "[CP] Check Pods Manifest.lock";
			outputPaths = (
				"$(DERIVED_FILE_DIR)/Pods-SYTableViewDemo-checkManifestLockResult.txt",
			);
			runOnlyForDeploymentPostprocessing = 0;
			shellPath = /bin/sh;
			shellScript = "diff \"${PODS_PODFILE_DIR_PATH}/Podfile.lock\" \"${PODS_ROOT}/Manifest.lock\" > /dev/null\nif [ $? != 0 ] ; then\n    # print error to STDERR\n    echo \"error: The sandbox is not in sync with the Podfile.lock. Run 'pod install' or update your CocoaPods installation.\" >&2\n    exit 1\nfi\n# This output is used by Xcode 'outputs' to avoid re-running this script phase.\necho \"SUCCESS\" > \"${SCRIPT_OUTPUT_FILE_0}\"\n";
			showEnvVarsInLog = 0;
		};
/* End PBXShellScriptBuildPhase section */

/* Begin PBXSourcesBuildPhase section */
		EF04A201209C2E3400AEEF88 /* Sources */ = {
			isa = PBXSourcesBuildPhase;
			buildActionMask = 2147483647;
			files = (
				EF04A28C209FF95900AEEF88 /* SYGoodsInfoTableViewCell.m in Sources */,
				EF04A25B209C5A8900AEEF88 /* SYStoreInfoTableViewCell.m in Sources */,
				EF04A289209C676900AEEF88 /* SYTableViewControllerRow.m in Sources */,
				EF04A253209C431100AEEF88 /* SYTableViewHeaderFooterView.m in Sources */,
				EF04A28F20A02AAF00AEEF88 /* SYStoreInfoTableViewHeaderView.m in Sources */,
				EF04A245209C2FFA00AEEF88 /* SYTableViewController.m in Sources */,
				EF04A250209C3C0300AEEF88 /* SYTableViewCell.m in Sources */,
				EF04A218209C2E3900AEEF88 /* main.m in Sources */,
				EF04A29220A035E900AEEF88 /* SYGoodsInfoTableViewHeaderView.m in Sources */,
				EF04A256209C58D500AEEF88 /* SYTableViewControllerDataFactory.m in Sources */,
				EF04A20A209C2E3400AEEF88 /* AppDelegate.m in Sources */,
				EF04A248209C308700AEEF88 /* SYTableRow.m in Sources */,
			);
			runOnlyForDeploymentPostprocessing = 0;
		};
		EF04A219209C2E3900AEEF88 /* Sources */ = {
			isa = PBXSourcesBuildPhase;
			buildActionMask = 2147483647;
			files = (
			);
			runOnlyForDeploymentPostprocessing = 0;
		};
		EF04A224209C2E3900AEEF88 /* Sources */ = {
			isa = PBXSourcesBuildPhase;
			buildActionMask = 2147483647;
			files = (
			);
			runOnlyForDeploymentPostprocessing = 0;
		};
/* End PBXSourcesBuildPhase section */

/* Begin PBXTargetDependency section */
		EF04A21F209C2E3900AEEF88 /* PBXTargetDependency */ = {
			isa = PBXTargetDependency;
			target = EF04A204209C2E3400AEEF88 /* SYTableViewDemo */;
			targetProxy = EF04A21E209C2E3900AEEF88 /* PBXContainerItemProxy */;
		};
		EF04A22A209C2E3900AEEF88 /* PBXTargetDependency */ = {
			isa = PBXTargetDependency;
			target = EF04A204209C2E3400AEEF88 /* SYTableViewDemo */;
			targetProxy = EF04A229209C2E3900AEEF88 /* PBXContainerItemProxy */;
		};
/* End PBXTargetDependency section */

/* Begin PBXVariantGroup section */
		EF04A213209C2E3900AEEF88 /* LaunchScreen.storyboard */ = {
			isa = PBXVariantGroup;
			children = (
				EF04A214209C2E3900AEEF88 /* Base */,
			);
			name = LaunchScreen.storyboard;
			sourceTree = "<group>";
		};
/* End PBXVariantGroup section */

/* Begin XCBuildConfiguration section */
		EF04A22F209C2E3900AEEF88 /* Debug */ = {
			isa = XCBuildConfiguration;
			buildSettings = {
				ALWAYS_SEARCH_USER_PATHS = NO;
				CLANG_ANALYZER_NONNULL = YES;
				CLANG_ANALYZER_NUMBER_OBJECT_CONVERSION = YES_AGGRESSIVE;
				CLANG_CXX_LANGUAGE_STANDARD = "gnu++14";
				CLANG_CXX_LIBRARY = "libc++";
				CLANG_ENABLE_MODULES = YES;
				CLANG_ENABLE_OBJC_ARC = YES;
				CLANG_ENABLE_OBJC_WEAK = YES;
				CLANG_WARN_BLOCK_CAPTURE_AUTORELEASING = YES;
				CLANG_WARN_BOOL_CONVERSION = YES;
				CLANG_WARN_COMMA = YES;
				CLANG_WARN_CONSTANT_CONVERSION = YES;
				CLANG_WARN_DEPRECATED_OBJC_IMPLEMENTATIONS = YES;
				CLANG_WARN_DIRECT_OBJC_ISA_USAGE = YES_ERROR;
				CLANG_WARN_DOCUMENTATION_COMMENTS = YES;
				CLANG_WARN_EMPTY_BODY = YES;
				CLANG_WARN_ENUM_CONVERSION = YES;
				CLANG_WARN_INFINITE_RECURSION = YES;
				CLANG_WARN_INT_CONVERSION = YES;
				CLANG_WARN_NON_LITERAL_NULL_CONVERSION = YES;
				CLANG_WARN_OBJC_IMPLICIT_RETAIN_SELF = YES;
				CLANG_WARN_OBJC_LITERAL_CONVERSION = YES;
				CLANG_WARN_OBJC_ROOT_CLASS = YES_ERROR;
				CLANG_WARN_RANGE_LOOP_ANALYSIS = YES;
				CLANG_WARN_STRICT_PROTOTYPES = YES;
				CLANG_WARN_SUSPICIOUS_MOVE = YES;
				CLANG_WARN_UNGUARDED_AVAILABILITY = YES_AGGRESSIVE;
				CLANG_WARN_UNREACHABLE_CODE = YES;
				CLANG_WARN__DUPLICATE_METHOD_MATCH = YES;
				CODE_SIGN_IDENTITY = "iPhone Developer";
				COPY_PHASE_STRIP = NO;
				DEBUG_INFORMATION_FORMAT = dwarf;
				ENABLE_STRICT_OBJC_MSGSEND = YES;
				ENABLE_TESTABILITY = YES;
				GCC_C_LANGUAGE_STANDARD = gnu11;
				GCC_DYNAMIC_NO_PIC = NO;
				GCC_NO_COMMON_BLOCKS = YES;
				GCC_OPTIMIZATION_LEVEL = 0;
				GCC_PREPROCESSOR_DEFINITIONS = (
					"DEBUG=1",
					"$(inherited)",
				);
				GCC_WARN_64_TO_32_BIT_CONVERSION = YES;
				GCC_WARN_ABOUT_RETURN_TYPE = YES_ERROR;
				GCC_WARN_UNDECLARED_SELECTOR = YES;
				GCC_WARN_UNINITIALIZED_AUTOS = YES_AGGRESSIVE;
				GCC_WARN_UNUSED_FUNCTION = YES;
				GCC_WARN_UNUSED_VARIABLE = YES;
				IPHONEOS_DEPLOYMENT_TARGET = 11.3;
				MTL_ENABLE_DEBUG_INFO = YES;
				ONLY_ACTIVE_ARCH = YES;
				SDKROOT = iphoneos;
			};
			name = Debug;
		};
		EF04A230209C2E3900AEEF88 /* Release */ = {
			isa = XCBuildConfiguration;
			buildSettings = {
				ALWAYS_SEARCH_USER_PATHS = NO;
				CLANG_ANALYZER_NONNULL = YES;
				CLANG_ANALYZER_NUMBER_OBJECT_CONVERSION = YES_AGGRESSIVE;
				CLANG_CXX_LANGUAGE_STANDARD = "gnu++14";
				CLANG_CXX_LIBRARY = "libc++";
				CLANG_ENABLE_MODULES = YES;
				CLANG_ENABLE_OBJC_ARC = YES;
				CLANG_ENABLE_OBJC_WEAK = YES;
				CLANG_WARN_BLOCK_CAPTURE_AUTORELEASING = YES;
				CLANG_WARN_BOOL_CONVERSION = YES;
				CLANG_WARN_COMMA = YES;
				CLANG_WARN_CONSTANT_CONVERSION = YES;
				CLANG_WARN_DEPRECATED_OBJC_IMPLEMENTATIONS = YES;
				CLANG_WARN_DIRECT_OBJC_ISA_USAGE = YES_ERROR;
				CLANG_WARN_DOCUMENTATION_COMMENTS = YES;
				CLANG_WARN_EMPTY_BODY = YES;
				CLANG_WARN_ENUM_CONVERSION = YES;
				CLANG_WARN_INFINITE_RECURSION = YES;
				CLANG_WARN_INT_CONVERSION = YES;
				CLANG_WARN_NON_LITERAL_NULL_CONVERSION = YES;
				CLANG_WARN_OBJC_IMPLICIT_RETAIN_SELF = YES;
				CLANG_WARN_OBJC_LITERAL_CONVERSION = YES;
				CLANG_WARN_OBJC_ROOT_CLASS = YES_ERROR;
				CLANG_WARN_RANGE_LOOP_ANALYSIS = YES;
				CLANG_WARN_STRICT_PROTOTYPES = YES;
				CLANG_WARN_SUSPICIOUS_MOVE = YES;
				CLANG_WARN_UNGUARDED_AVAILABILITY = YES_AGGRESSIVE;
				CLANG_WARN_UNREACHABLE_CODE = YES;
				CLANG_WARN__DUPLICATE_METHOD_MATCH = YES;
				CODE_SIGN_IDENTITY = "iPhone Developer";
				COPY_PHASE_STRIP = NO;
				DEBUG_INFORMATION_FORMAT = "dwarf-with-dsym";
				ENABLE_NS_ASSERTIONS = NO;
				ENABLE_STRICT_OBJC_MSGSEND = YES;
				GCC_C_LANGUAGE_STANDARD = gnu11;
				GCC_NO_COMMON_BLOCKS = YES;
				GCC_WARN_64_TO_32_BIT_CONVERSION = YES;
				GCC_WARN_ABOUT_RETURN_TYPE = YES_ERROR;
				GCC_WARN_UNDECLARED_SELECTOR = YES;
				GCC_WARN_UNINITIALIZED_AUTOS = YES_AGGRESSIVE;
				GCC_WARN_UNUSED_FUNCTION = YES;
				GCC_WARN_UNUSED_VARIABLE = YES;
				IPHONEOS_DEPLOYMENT_TARGET = 11.3;
				MTL_ENABLE_DEBUG_INFO = NO;
				SDKROOT = iphoneos;
				VALIDATE_PRODUCT = YES;
			};
			name = Release;
		};
		EF04A232209C2E3900AEEF88 /* Debug */ = {
			isa = XCBuildConfiguration;
			baseConfigurationReference = F5E28B958B34CC370DCBE34A /* Pods-SYTableViewDemo.debug.xcconfig */;
			buildSettings = {
				ASSETCATALOG_COMPILER_APPICON_NAME = AppIcon;
				CC = "$(SRCROOT)/ccache-clang";
				CODE_SIGN_STYLE = Automatic;
				DEVELOPMENT_TEAM = 4T99T39TS8;
				GCC_PRECOMPILE_PREFIX_HEADER = YES;
				GCC_PREFIX_HEADER = "$(SRCROOT)/SYTableViewDemo/PrefixHeader.pch";
				INFOPLIST_FILE = SYTableViewDemo/Info.plist;
				LD_RUNPATH_SEARCH_PATHS = (
					"$(inherited)",
					"@executable_path/Frameworks",
				);
				PRODUCT_BUNDLE_IDENTIFIER = com.Stone.Yu.SYTableViewDemo;
				PRODUCT_NAME = "$(TARGET_NAME)";
				TARGETED_DEVICE_FAMILY = "1,2";
			};
			name = Debug;
		};
		EF04A233209C2E3900AEEF88 /* Release */ = {
			isa = XCBuildConfiguration;
			baseConfigurationReference = EAA8909A495E63508F862B7B /* Pods-SYTableViewDemo.release.xcconfig */;
			buildSettings = {
				ASSETCATALOG_COMPILER_APPICON_NAME = AppIcon;
				CC = "$(SRCROOT)/ccache-clang";
				CODE_SIGN_STYLE = Automatic;
				DEVELOPMENT_TEAM = 4T99T39TS8;
				GCC_PRECOMPILE_PREFIX_HEADER = YES;
				GCC_PREFIX_HEADER = "$(SRCROOT)/SYTableViewDemo/PrefixHeader.pch";
				INFOPLIST_FILE = SYTableViewDemo/Info.plist;
				LD_RUNPATH_SEARCH_PATHS = (
					"$(inherited)",
					"@executable_path/Frameworks",
				);
				PRODUCT_BUNDLE_IDENTIFIER = com.Stone.Yu.SYTableViewDemo;
				PRODUCT_NAME = "$(TARGET_NAME)";
				TARGETED_DEVICE_FAMILY = "1,2";
			};
			name = Release;
		};
		EF04A235209C2E3900AEEF88 /* Debug */ = {
			isa = XCBuildConfiguration;
			buildSettings = {
				BUNDLE_LOADER = "$(TEST_HOST)";
				CODE_SIGN_STYLE = Automatic;
				INFOPLIST_FILE = SYTableViewDemoTests/Info.plist;
				LD_RUNPATH_SEARCH_PATHS = (
					"$(inherited)",
					"@executable_path/Frameworks",
					"@loader_path/Frameworks",
				);
				PRODUCT_BUNDLE_IDENTIFIER = com.Stone.Yu.SYTableViewDemoTests;
				PRODUCT_NAME = "$(TARGET_NAME)";
				TARGETED_DEVICE_FAMILY = "1,2";
				TEST_HOST = "$(BUILT_PRODUCTS_DIR)/SYTableViewDemo.app/SYTableViewDemo";
			};
			name = Debug;
		};
		EF04A236209C2E3900AEEF88 /* Release */ = {
			isa = XCBuildConfiguration;
			buildSettings = {
				BUNDLE_LOADER = "$(TEST_HOST)";
				CODE_SIGN_STYLE = Automatic;
				INFOPLIST_FILE = SYTableViewDemoTests/Info.plist;
				LD_RUNPATH_SEARCH_PATHS = (
					"$(inherited)",
					"@executable_path/Frameworks",
					"@loader_path/Frameworks",
				);
				PRODUCT_BUNDLE_IDENTIFIER = com.Stone.Yu.SYTableViewDemoTests;
				PRODUCT_NAME = "$(TARGET_NAME)";
				TARGETED_DEVICE_FAMILY = "1,2";
				TEST_HOST = "$(BUILT_PRODUCTS_DIR)/SYTableViewDemo.app/SYTableViewDemo";
			};
			name = Release;
		};
		EF04A238209C2E3900AEEF88 /* Debug */ = {
			isa = XCBuildConfiguration;
			buildSettings = {
				CODE_SIGN_STYLE = Automatic;
				INFOPLIST_FILE = SYTableViewDemoUITests/Info.plist;
				LD_RUNPATH_SEARCH_PATHS = (
					"$(inherited)",
					"@executable_path/Frameworks",
					"@loader_path/Frameworks",
				);
				PRODUCT_BUNDLE_IDENTIFIER = com.Stone.Yu.SYTableViewDemoUITests;
				PRODUCT_NAME = "$(TARGET_NAME)";
				TARGETED_DEVICE_FAMILY = "1,2";
				TEST_TARGET_NAME = SYTableViewDemo;
			};
			name = Debug;
		};
		EF04A239209C2E3900AEEF88 /* Release */ = {
			isa = XCBuildConfiguration;
			buildSettings = {
				CODE_SIGN_STYLE = Automatic;
				INFOPLIST_FILE = SYTableViewDemoUITests/Info.plist;
				LD_RUNPATH_SEARCH_PATHS = (
					"$(inherited)",
					"@executable_path/Frameworks",
					"@loader_path/Frameworks",
				);
				PRODUCT_BUNDLE_IDENTIFIER = com.Stone.Yu.SYTableViewDemoUITests;
				PRODUCT_NAME = "$(TARGET_NAME)";
				TARGETED_DEVICE_FAMILY = "1,2";
				TEST_TARGET_NAME = SYTableViewDemo;
			};
			name = Release;
		};
/* End XCBuildConfiguration section */

/* Begin XCConfigurationList section */
		EF04A200209C2E3400AEEF88 /* Build configuration list for PBXProject "SYTableViewDemo" */ = {
			isa = XCConfigurationList;
			buildConfigurations = (
				EF04A22F209C2E3900AEEF88 /* Debug */,
				EF04A230209C2E3900AEEF88 /* Release */,
			);
			defaultConfigurationIsVisible = 0;
			defaultConfigurationName = Release;
		};
		EF04A231209C2E3900AEEF88 /* Build configuration list for PBXNativeTarget "SYTableViewDemo" */ = {
			isa = XCConfigurationList;
			buildConfigurations = (
				EF04A232209C2E3900AEEF88 /* Debug */,
				EF04A233209C2E3900AEEF88 /* Release */,
			);
			defaultConfigurationIsVisible = 0;
			defaultConfigurationName = Release;
		};
		EF04A234209C2E3900AEEF88 /* Build configuration list for PBXNativeTarget "SYTableViewDemoTests" */ = {
			isa = XCConfigurationList;
			buildConfigurations = (
				EF04A235209C2E3900AEEF88 /* Debug */,
				EF04A236209C2E3900AEEF88 /* Release */,
			);
			defaultConfigurationIsVisible = 0;
			defaultConfigurationName = Release;
		};
		EF04A237209C2E3900AEEF88 /* Build configuration list for PBXNativeTarget "SYTableViewDemoUITests" */ = {
			isa = XCConfigurationList;
			buildConfigurations = (
				EF04A238209C2E3900AEEF88 /* Debug */,
				EF04A239209C2E3900AEEF88 /* Release */,
			);
			defaultConfigurationIsVisible = 0;
			defaultConfigurationName = Release;
		};
/* End XCConfigurationList section */
	};
	rootObject = EF04A1FD209C2E3400AEEF88 /* Project object */;
}
